<Solution>
  <Folder Name="/Solution Items/">
    <File Path=".editorconfig" />
    <File Path="Directory.Build.props" />
    <File Path="global.json" />
    <File Path="nuget.config" />
    <File Path="README.md" />
  </Folder>
  <Folder Name="/src/">
    <Project Path="src/NexusLabs.Framework/NexusLabs.Framework.csproj" />
  </Folder>
  <Folder Name="/tests/">
    <Project Path="tests/NexusLabs.Framework.Tests/NexusLabs.Framework.Tests.csproj" />
  </Folder>
</Solution>
