
Microsoft Visual Studio Solution File, Format Version 12.00
# Visual Studio Version 16
VisualStudioVersion = 16.0.29905.134
MinimumVisualStudioVersion = 10.0.40219.1
Project("{FAE04EC0-301F-11D3-BF4B-00C04F79EFBC}") = "NexusLabs.Collections.Generic", "NexusLabs.Collections.Generic\NexusLabs.Collections.Generic.csproj", "{C09A27A6-455A-4A02-9D21-7AA46BC7329F}"
EndProject
Project("{FAE04EC0-301F-11D3-BF4B-00C04F79EFBC}") = "NexusLabs.Collections.Generic.Tests", "NexusLabs.Collections.Generic.Tests\NexusLabs.Collections.Generic.Tests.csproj", "{88C82AED-D31A-4B4A-AF11-AA652E989074}"
EndProject
Global
	GlobalSection(SolutionConfigurationPlatforms) = preSolution
		Debug|Any CPU = Debug|Any CPU
		Release|Any CPU = Release|Any CPU
	EndGlobalSection
	GlobalSection(ProjectConfigurationPlatforms) = postSolution
		{C09A27A6-455A-4A02-9D21-7AA46BC7329F}.Debug|Any CPU.ActiveCfg = Debug|Any CPU
		{C09A27A6-455A-4A02-9D21-7AA46BC7329F}.Debug|Any CPU.Build.0 = Debug|Any CPU
		{C09A27A6-455A-4A02-9D21-7AA46BC7329F}.Release|Any CPU.ActiveCfg = Release|Any CPU
		{C09A27A6-455A-4A02-9D21-7AA46BC7329F}.Release|Any CPU.Build.0 = Release|Any CPU
		{88C82AED-D31A-4B4A-AF11-AA652E989074}.Debug|Any CPU.ActiveCfg = Debug|Any CPU
		{88C82AED-D31A-4B4A-AF11-AA652E989074}.Debug|Any CPU.Build.0 = Debug|Any CPU
		{88C82AED-D31A-4B4A-AF11-AA652E989074}.Release|Any CPU.ActiveCfg = Release|Any CPU
		{88C82AED-D31A-4B4A-AF11-AA652E989074}.Release|Any CPU.Build.0 = Release|Any CPU
	EndGlobalSection
	GlobalSection(SolutionProperties) = preSolution
		HideSolutionNode = FALSE
	EndGlobalSection
	GlobalSection(ExtensibilityGlobals) = postSolution
		SolutionGuid = {01CDB0F0-2471-472B-9B2D-38CBE31904F0}
	EndGlobalSection
EndGlobal
