
Microsoft Visual Studio Solution File, Format Version 12.00
# Visual Studio Version 17
VisualStudioVersion = 17.4.33205.214
MinimumVisualStudioVersion = 10.0.40219.1
Project("{9A19103F-16F7-4668-BE54-9A1E7A4F7556}") = "NexusLabs.Framework", "NexusLabs.Framework\NexusLabs.Framework.csproj", "{D01864EF-A4B0-4A20-92B4-CCC94170736E}"
EndProject
Project("{9A19103F-16F7-4668-BE54-9A1E7A4F7556}") = "NexusLabs.Collections.Generic", "NexusLabs.Collections.Generic\NexusLabs.Collections.Generic.csproj", "{8E36834F-7704-4112-ACBF-6B38F2494960}"
EndProject
Project("{9A19103F-16F7-4668-BE54-9A1E7A4F7556}") = "NexusLabs.Collections.Generic.Tests", "NexusLabs.Collections.Generic.Tests\NexusLabs.Collections.Generic.Tests.csproj", "{6B9557DC-BB47-4059-A77F-109F44E25484}"
EndProject
Project("{9A19103F-16F7-4668-BE54-9A1E7A4F7556}") = "NexusLabs.Reflection", "NexusLabs.Reflection\NexusLabs.Reflection.csproj", "{EC070000-DFA4-4289-A8BE-AD5FBE853FA4}"
EndProject
Project("{9A19103F-16F7-4668-BE54-9A1E7A4F7556}") = "NexusLabs.Autofac", "NexusLabs.Autofac\NexusLabs.Autofac.csproj", "{CD9D83A5-C1ED-4510-B8CC-5B1719D36BA5}"
EndProject
Project("{9A19103F-16F7-4668-BE54-9A1E7A4F7556}") = "NexusLabs.Autofac.Tests", "NexusLabs.Autofac.Tests\NexusLabs.Autofac.Tests.csproj", "{BB8A8987-653B-4E78-915F-99F099BE23C3}"
EndProject
Project("{9A19103F-16F7-4668-BE54-9A1E7A4F7556}") = "NexusLabs.Contracts", "NexusLabs.Contracts\NexusLabs.Contracts.csproj", "{5095A9EB-69B6-4D26-BF63-DC94E842B129}"
EndProject
Project("{9A19103F-16F7-4668-BE54-9A1E7A4F7556}") = "NexusLabs.Testing.Xunit", "NexusLabs.Testing.Xunit\NexusLabs.Testing.Xunit.csproj", "{4E0741B1-84CE-4708-B1CE-6928887A90A8}"
EndProject
Project("{9A19103F-16F7-4668-BE54-9A1E7A4F7556}") = "NexusLabs.Dynamo", "NexusLabs.Dynamo\NexusLabs.Dynamo.csproj", "{384E012C-738B-4E63-91CD-CEAF5205B6CC}"
EndProject
Project("{9A19103F-16F7-4668-BE54-9A1E7A4F7556}") = "NexusLabs.Framework.Tests", "NexusLabs.Framework.Tests\NexusLabs.Framework.Tests.csproj", "{60E4763B-3BD2-46F3-BCE3-95EADE9CAD76}"
EndProject
Project("{9A19103F-16F7-4668-BE54-9A1E7A4F7556}") = "NexusLabs.Dynamo.Tests", "NexusLabs.Dynamo.Tests\NexusLabs.Dynamo.Tests.csproj", "{1DEA9010-F2D9-48BE-9040-7AFC1D7BED9C}"
EndProject
Project("{9A19103F-16F7-4668-BE54-9A1E7A4F7556}") = "NexusLabs.Reflection.Tests", "NexusLabs.Reflection.Tests\NexusLabs.Reflection.Tests.csproj", "{00E513AF-2360-4167-9119-86810B1692E1}"
EndProject
Project("{FAE04EC0-301F-11D3-BF4B-00C04F79EFBC}") = "NexusLabs.Collections.Generic.Benchmarks", "NexusLabs.Collections.Generic.Benchmarks\NexusLabs.Collections.Generic.Benchmarks.csproj", "{A1FD12F6-5675-4759-B6E3-AE4241E0B6E3}"
EndProject
Global
	GlobalSection(SolutionConfigurationPlatforms) = preSolution
		Debug|Any CPU = Debug|Any CPU
		Release|Any CPU = Release|Any CPU
	EndGlobalSection
	GlobalSection(ProjectConfigurationPlatforms) = postSolution
		{D01864EF-A4B0-4A20-92B4-CCC94170736E}.Debug|Any CPU.ActiveCfg = Debug|Any CPU
		{D01864EF-A4B0-4A20-92B4-CCC94170736E}.Debug|Any CPU.Build.0 = Debug|Any CPU
		{D01864EF-A4B0-4A20-92B4-CCC94170736E}.Release|Any CPU.ActiveCfg = Release|Any CPU
		{D01864EF-A4B0-4A20-92B4-CCC94170736E}.Release|Any CPU.Build.0 = Release|Any CPU
		{8E36834F-7704-4112-ACBF-6B38F2494960}.Debug|Any CPU.ActiveCfg = Debug|Any CPU
		{8E36834F-7704-4112-ACBF-6B38F2494960}.Debug|Any CPU.Build.0 = Debug|Any CPU
		{8E36834F-7704-4112-ACBF-6B38F2494960}.Release|Any CPU.ActiveCfg = Release|Any CPU
		{8E36834F-7704-4112-ACBF-6B38F2494960}.Release|Any CPU.Build.0 = Release|Any CPU
		{6B9557DC-BB47-4059-A77F-109F44E25484}.Debug|Any CPU.ActiveCfg = Debug|Any CPU
		{6B9557DC-BB47-4059-A77F-109F44E25484}.Debug|Any CPU.Build.0 = Debug|Any CPU
		{6B9557DC-BB47-4059-A77F-109F44E25484}.Release|Any CPU.ActiveCfg = Release|Any CPU
		{6B9557DC-BB47-4059-A77F-109F44E25484}.Release|Any CPU.Build.0 = Release|Any CPU
		{EC070000-DFA4-4289-A8BE-AD5FBE853FA4}.Debug|Any CPU.ActiveCfg = Debug|Any CPU
		{EC070000-DFA4-4289-A8BE-AD5FBE853FA4}.Debug|Any CPU.Build.0 = Debug|Any CPU
		{EC070000-DFA4-4289-A8BE-AD5FBE853FA4}.Release|Any CPU.ActiveCfg = Release|Any CPU
		{EC070000-DFA4-4289-A8BE-AD5FBE853FA4}.Release|Any CPU.Build.0 = Release|Any CPU
		{CD9D83A5-C1ED-4510-B8CC-5B1719D36BA5}.Debug|Any CPU.ActiveCfg = Debug|Any CPU
		{CD9D83A5-C1ED-4510-B8CC-5B1719D36BA5}.Debug|Any CPU.Build.0 = Debug|Any CPU
		{CD9D83A5-C1ED-4510-B8CC-5B1719D36BA5}.Release|Any CPU.ActiveCfg = Release|Any CPU
		{CD9D83A5-C1ED-4510-B8CC-5B1719D36BA5}.Release|Any CPU.Build.0 = Release|Any CPU
		{BB8A8987-653B-4E78-915F-99F099BE23C3}.Debug|Any CPU.ActiveCfg = Debug|Any CPU
		{BB8A8987-653B-4E78-915F-99F099BE23C3}.Debug|Any CPU.Build.0 = Debug|Any CPU
		{BB8A8987-653B-4E78-915F-99F099BE23C3}.Release|Any CPU.ActiveCfg = Release|Any CPU
		{BB8A8987-653B-4E78-915F-99F099BE23C3}.Release|Any CPU.Build.0 = Release|Any CPU
		{5095A9EB-69B6-4D26-BF63-DC94E842B129}.Debug|Any CPU.ActiveCfg = Debug|Any CPU
		{5095A9EB-69B6-4D26-BF63-DC94E842B129}.Debug|Any CPU.Build.0 = Debug|Any CPU
		{5095A9EB-69B6-4D26-BF63-DC94E842B129}.Release|Any CPU.ActiveCfg = Release|Any CPU
		{5095A9EB-69B6-4D26-BF63-DC94E842B129}.Release|Any CPU.Build.0 = Release|Any CPU
		{4E0741B1-84CE-4708-B1CE-6928887A90A8}.Debug|Any CPU.ActiveCfg = Debug|Any CPU
		{4E0741B1-84CE-4708-B1CE-6928887A90A8}.Debug|Any CPU.Build.0 = Debug|Any CPU
		{4E0741B1-84CE-4708-B1CE-6928887A90A8}.Release|Any CPU.ActiveCfg = Release|Any CPU
		{4E0741B1-84CE-4708-B1CE-6928887A90A8}.Release|Any CPU.Build.0 = Release|Any CPU
		{384E012C-738B-4E63-91CD-CEAF5205B6CC}.Debug|Any CPU.ActiveCfg = Debug|Any CPU
		{384E012C-738B-4E63-91CD-CEAF5205B6CC}.Debug|Any CPU.Build.0 = Debug|Any CPU
		{384E012C-738B-4E63-91CD-CEAF5205B6CC}.Release|Any CPU.ActiveCfg = Release|Any CPU
		{384E012C-738B-4E63-91CD-CEAF5205B6CC}.Release|Any CPU.Build.0 = Release|Any CPU
		{60E4763B-3BD2-46F3-BCE3-95EADE9CAD76}.Debug|Any CPU.ActiveCfg = Debug|Any CPU
		{60E4763B-3BD2-46F3-BCE3-95EADE9CAD76}.Debug|Any CPU.Build.0 = Debug|Any CPU
		{60E4763B-3BD2-46F3-BCE3-95EADE9CAD76}.Release|Any CPU.ActiveCfg = Release|Any CPU
		{60E4763B-3BD2-46F3-BCE3-95EADE9CAD76}.Release|Any CPU.Build.0 = Release|Any CPU
		{1DEA9010-F2D9-48BE-9040-7AFC1D7BED9C}.Debug|Any CPU.ActiveCfg = Debug|Any CPU
		{1DEA9010-F2D9-48BE-9040-7AFC1D7BED9C}.Debug|Any CPU.Build.0 = Debug|Any CPU
		{1DEA9010-F2D9-48BE-9040-7AFC1D7BED9C}.Release|Any CPU.ActiveCfg = Release|Any CPU
		{1DEA9010-F2D9-48BE-9040-7AFC1D7BED9C}.Release|Any CPU.Build.0 = Release|Any CPU
		{00E513AF-2360-4167-9119-86810B1692E1}.Debug|Any CPU.ActiveCfg = Debug|Any CPU
		{00E513AF-2360-4167-9119-86810B1692E1}.Debug|Any CPU.Build.0 = Debug|Any CPU
		{00E513AF-2360-4167-9119-86810B1692E1}.Release|Any CPU.ActiveCfg = Release|Any CPU
		{00E513AF-2360-4167-9119-86810B1692E1}.Release|Any CPU.Build.0 = Release|Any CPU
		{A1FD12F6-5675-4759-B6E3-AE4241E0B6E3}.Debug|Any CPU.ActiveCfg = Debug|Any CPU
		{A1FD12F6-5675-4759-B6E3-AE4241E0B6E3}.Debug|Any CPU.Build.0 = Debug|Any CPU
		{A1FD12F6-5675-4759-B6E3-AE4241E0B6E3}.Release|Any CPU.ActiveCfg = Release|Any CPU
		{A1FD12F6-5675-4759-B6E3-AE4241E0B6E3}.Release|Any CPU.Build.0 = Release|Any CPU
	EndGlobalSection
	GlobalSection(SolutionProperties) = preSolution
		HideSolutionNode = FALSE
	EndGlobalSection
	GlobalSection(ExtensibilityGlobals) = postSolution
		SolutionGuid = {0C846C36-E9EE-4F0D-A11E-D6157045965C}
	EndGlobalSection
EndGlobal
